// !$*UTF8*$!
{
	archiveVersion = 1;
	classes = {
	};
	objectVersion = 50;
	objects = {

/* Begin PBXBuildFile section */
		6195E75523636B71007F6635 /* AppDelegate.swift in Sources */ = {isa = PBXBuildFile; fileRef = 6195E75423636B71007F6635 /* AppDelegate.swift */; };
		6195E75723636B71007F6635 /* SceneDelegate.swift in Sources */ = {isa = PBXBuildFile; fileRef = 6195E75623636B71007F6635 /* SceneDelegate.swift */; };
		6195E75923636B71007F6635 /* ContentView.swift in Sources */ = {isa = PBXBuildFile; fileRef = 6195E75823636B71007F6635 /* ContentView.swift */; };
		6195E75B23636B75007F6635 /* Assets.xcassets in Resources */ = {isa = PBXBuildFile; fileRef = 6195E75A23636B75007F6635 /* Assets.xcassets */; };
		6195E75E23636B75007F6635 /* Preview Assets.xcassets in Resources */ = {isa = PBXBuildFile; fileRef = 6195E75D23636B75007F6635 /* Preview Assets.xcassets */; };
		6195E76123636B75007F6635 /* LaunchScreen.storyboard in Resources */ = {isa = PBXBuildFile; fileRef = 6195E75F23636B75007F6635 /* LaunchScreen.storyboard */; };
		6195E76C23636B75007F6635 /* Gradient_SwiftUITests.swift in Sources */ = {isa = PBXBuildFile; fileRef = 6195E76B23636B75007F6635 /* Gradient_SwiftUITests.swift */; };
		6195E77723636B75007F6635 /* Gradient_SwiftUIUITests.swift in Sources */ = {isa = PBXBuildFile; fileRef = 6195E77623636B75007F6635 /* Gradient_SwiftUIUITests.swift */; };
/* End PBXBuildFile section */

/* Begin PBXContainerItemProxy section */
		6195E76823636B75007F6635 /* PBXContainerItemProxy */ = {
			isa = PBXContainerItemProxy;
			containerPortal = 6195E74923636B71007F6635 /* Project object */;
			proxyType = 1;
			remoteGlobalIDString = 6195E75023636B71007F6635;
			remoteInfo = "Gradient-SwiftUI";
		};
		6195E77323636B75007F6635 /* PBXContainerItemProxy */ = {
			isa = PBXContainerItemProxy;
			containerPortal = 6195E74923636B71007F6635 /* Project object */;
			proxyType = 1;
			remoteGlobalIDString = 6195E75023636B71007F6635;
			remoteInfo = "Gradient-SwiftUI";
		};
/* End PBXContainerItemProxy section */

/* Begin PBXFileReference section */
		6195E75123636B71007F6635 /* Gradient-SwiftUI.app */ = {isa = PBXFileReference; explicitFileType = wrapper.application; includeInIndex = 0; path = "Gradient-SwiftUI.app"; sourceTree = BUILT_PRODUCTS_DIR; };
		6195E75423636B71007F6635 /* AppDelegate.swift */ = {isa = PBXFileReference; lastKnownFileType = sourcecode.swift; path = AppDelegate.swift; sourceTree = "<group>"; };
		6195E75623636B71007F6635 /* SceneDelegate.swift */ = {isa = PBXFileReference; lastKnownFileType = sourcecode.swift; path = SceneDelegate.swift; sourceTree = "<group>"; };
		6195E75823636B71007F6635 /* ContentView.swift */ = {isa = PBXFileReference; lastKnownFileType = sourcecode.swift; path = ContentView.swift; sourceTree = "<group>"; };
		6195E75A23636B75007F6635 /* Assets.xcassets */ = {isa = PBXFileReference; lastKnownFileType = folder.assetcatalog; path = Assets.xcassets; sourceTree = "<group>"; };
		6195E75D23636B75007F6635 /* Preview Assets.xcassets */ = {isa = PBXFileReference; lastKnownFileType = folder.assetcatalog; path = "Preview Assets.xcassets"; sourceTree = "<group>"; };
		6195E76023636B75007F6635 /* Base */ = {isa = PBXFileReference; lastKnownFileType = file.storyboard; name = Base; path = Base.lproj/LaunchScreen.storyboard; sourceTree = "<group>"; };
		6195E76223636B75007F6635 /* Info.plist */ = {isa = PBXFileReference; lastKnownFileType = text.plist.xml; path = Info.plist; sourceTree = "<group>"; };
		6195E76723636B75007F6635 /* Gradient-SwiftUITests.xctest */ = {isa = PBXFileReference; explicitFileType = wrapper.cfbundle; includeInIndex = 0; path = "Gradient-SwiftUITests.xctest"; sourceTree = BUILT_PRODUCTS_DIR; };
		6195E76B23636B75007F6635 /* Gradient_SwiftUITests.swift */ = {isa = PBXFileReference; lastKnownFileType = sourcecode.swift; path = Gradient_SwiftUITests.swift; sourceTree = "<group>"; };
		6195E76D23636B75007F6635 /* Info.plist */ = {isa = PBXFileReference; lastKnownFileType = text.plist.xml; path = Info.plist; sourceTree = "<group>"; };
		6195E77223636B75007F6635 /* Gradient-SwiftUIUITests.xctest */ = {isa = PBXFileReference; explicitFileType = wrapper.cfbundle; includeInIndex = 0; path = "Gradient-SwiftUIUITests.xctest"; sourceTree = BUILT_PRODUCTS_DIR; };
		6195E77623636B75007F6635 /* Gradient_SwiftUIUITests.swift */ = {isa = PBXFileReference; lastKnownFileType = sourcecode.swift; path = Gradient_SwiftUIUITests.swift; sourceTree = "<group>"; };
		6195E77823636B75007F6635 /* Info.plist */ = {isa = PBXFileReference; lastKnownFileType = text.plist.xml; path = Info.plist; sourceTree = "<group>"; };
/* End PBXFileReference section */

/* Begin PBXFrameworksBuildPhase section */
		6195E74E23636B71007F6635 /* Frameworks */ = {
			isa = PBXFrameworksBuildPhase;
			buildActionMask = 2147483647;
			files = (
			);
			runOnlyForDeploymentPostprocessing = 0;
		};
		6195E76423636B75007F6635 /* Frameworks */ = {
			isa = PBXFrameworksBuildPhase;
			buildActionMask = 2147483647;
			files = (
			);
			runOnlyForDeploymentPostprocessing = 0;
		};
		6195E76F23636B75007F6635 /* Frameworks */ = {
			isa = PBXFrameworksBuildPhase;
			buildActionMask = 2147483647;
			files = (
			);
			runOnlyForDeploymentPostprocessing = 0;
		};
/* End PBXFrameworksBuildPhase section */

/* Begin PBXGroup section */
		6195E74823636B71007F6635 = {
			isa = PBXGroup;
			children = (
				6195E75323636B71007F6635 /* Gradient-SwiftUI */,
				6195E76A23636B75007F6635 /* Gradient-SwiftUITests */,
				6195E77523636B75007F6635 /* Gradient-SwiftUIUITests */,
				6195E75223636B71007F6635 /* Products */,
			);
			sourceTree = "<group>";
		};
		6195E75223636B71007F6635 /* Products */ = {
			isa = PBXGroup;
			children = (
				6195E75123636B71007F6635 /* Gradient-SwiftUI.app */,
				6195E76723636B75007F6635 /* Gradient-SwiftUITests.xctest */,
				6195E77223636B75007F6635 /* Gradient-SwiftUIUITests.xctest */,
			);
			name = Products;
			sourceTree = "<group>";
		};
		6195E75323636B71007F6635 /* Gradient-SwiftUI */ = {
			isa = PBXGroup;
			children = (
				6195E75423636B71007F6635 /* AppDelegate.swift */,
				6195E75623636B71007F6635 /* SceneDelegate.swift */,
				6195E75823636B71007F6635 /* ContentView.swift */,
				6195E75A23636B75007F6635 /* Assets.xcassets */,
				6195E75F23636B75007F6635 /* LaunchScreen.storyboard */,
				6195E76223636B75007F6635 /* Info.plist */,
				6195E75C23636B75007F6635 /* Preview Content */,
			);
			path = "Gradient-SwiftUI";
			sourceTree = "<group>";
		};
		6195E75C23636B75007F6635 /* Preview Content */ = {
			isa = PBXGroup;
			children = (
				6195E75D23636B75007F6635 /* Preview Assets.xcassets */,
			);
			path = "Preview Content";
			sourceTree = "<group>";
		};
		6195E76A23636B75007F6635 /* Gradient-SwiftUITests */ = {
			isa = PBXGroup;
			children = (
				6195E76B23636B75007F6635 /* Gradient_SwiftUITests.swift */,
				6195E76D23636B75007F6635 /* Info.plist */,
			);
			path = "Gradient-SwiftUITests";
			sourceTree = "<group>";
		};
		6195E77523636B75007F6635 /* Gradient-SwiftUIUITests */ = {
			isa = PBXGroup;
			children = (
				6195E77623636B75007F6635 /* Gradient_SwiftUIUITests.swift */,
				6195E77823636B75007F6635 /* Info.plist */,
			);
			path = "Gradient-SwiftUIUITests";
			sourceTree = "<group>";
		};
/* End PBXGroup section */

/* Begin PBXNativeTarget section */
		6195E75023636B71007F6635 /* Gradient-SwiftUI */ = {
			isa = PBXNativeTarget;
			buildConfigurationList = 6195E77B23636B75007F6635 /* Build configuration list for PBXNativeTarget "Gradient-SwiftUI" */;
			buildPhases = (
				6195E74D23636B71007F6635 /* Sources */,
				6195E74E23636B71007F6635 /* Frameworks */,
				6195E74F23636B71007F6635 /* Resources */,
			);
			buildRules = (
			);
			dependencies = (
			);
			name = "Gradient-SwiftUI";
			productName = "Gradient-SwiftUI";
			productReference = 6195E75123636B71007F6635 /* Gradient-SwiftUI.app */;
			productType = "com.apple.product-type.application";
		};
		6195E76623636B75007F6635 /* Gradient-SwiftUITests */ = {
			isa = PBXNativeTarget;
			buildConfigurationList = 6195E77E23636B75007F6635 /* Build configuration list for PBXNativeTarget "Gradient-SwiftUITests" */;
			buildPhases = (
				6195E76323636B75007F6635 /* Sources */,
				6195E76423636B75007F6635 /* Frameworks */,
				6195E76523636B75007F6635 /* Resources */,
			);
			buildRules = (
			);
			dependencies = (
				6195E76923636B75007F6635 /* PBXTargetDependency */,
			);
			name = "Gradient-SwiftUITests";
			productName = "Gradient-SwiftUITests";
			productReference = 6195E76723636B75007F6635 /* Gradient-SwiftUITests.xctest */;
			productType = "com.apple.product-type.bundle.unit-test";
		};
		6195E77123636B75007F6635 /* Gradient-SwiftUIUITests */ = {
			isa = PBXNativeTarget;
			buildConfigurationList = 6195E78123636B75007F6635 /* Build configuration list for PBXNativeTarget "Gradient-SwiftUIUITests" */;
			buildPhases = (
				6195E76E23636B75007F6635 /* Sources */,
				6195E76F23636B75007F6635 /* Frameworks */,
				6195E77023636B75007F6635 /* Resources */,
			);
			buildRules = (
			);
			dependencies = (
				6195E77423636B75007F6635 /* PBXTargetDependency */,
			);
			name = "Gradient-SwiftUIUITests";
			productName = "Gradient-SwiftUIUITests";
			productReference = 6195E77223636B75007F6635 /* Gradient-SwiftUIUITests.xctest */;
			productType = "com.apple.product-type.bundle.ui-testing";
		};
/* End PBXNativeTarget section */

/* Begin PBXProject section */
		6195E74923636B71007F6635 /* Project object */ = {
			isa = PBXProject;
			attributes = {
				LastSwiftUpdateCheck = 1110;
				LastUpgradeCheck = 1110;
				ORGANIZATIONNAME = "Mert Ala";
				TargetAttributes = {
					6195E75023636B71007F6635 = {
						CreatedOnToolsVersion = 11.1;
					};
					6195E76623636B75007F6635 = {
						CreatedOnToolsVersion = 11.1;
						TestTargetID = 6195E75023636B71007F6635;
					};
					6195E77123636B75007F6635 = {
						CreatedOnToolsVersion = 11.1;
						TestTargetID = 6195E75023636B71007F6635;
					};
				};
			};
			buildConfigurationList = 6195E74C23636B71007F6635 /* Build configuration list for PBXProject "Gradient-SwiftUI" */;
			compatibilityVersion = "Xcode 9.3";
			developmentRegion = en;
			hasScannedForEncodings = 0;
			knownRegions = (
				en,
				Base,
			);
			mainGroup = 6195E74823636B71007F6635;
			productRefGroup = 6195E75223636B71007F6635 /* Products */;
			projectDirPath = "";
			projectRoot = "";
			targets = (
				6195E75023636B71007F6635 /* Gradient-SwiftUI */,
				6195E76623636B75007F6635 /* Gradient-SwiftUITests */,
				6195E77123636B75007F6635 /* Gradient-SwiftUIUITests */,
			);
		};
/* End PBXProject section */

/* Begin PBXResourcesBuildPhase section */
		6195E74F23636B71007F6635 /* Resources */ = {
			isa = PBXResourcesBuildPhase;
			buildActionMask = 2147483647;
			files = (
				6195E76123636B75007F6635 /* LaunchScreen.storyboard in Resources */,
				6195E75E23636B75007F6635 /* Preview Assets.xcassets in Resources */,
				6195E75B23636B75007F6635 /* Assets.xcassets in Resources */,
			);
			runOnlyForDeploymentPostprocessing = 0;
		};
		6195E76523636B75007F6635 /* Resources */ = {
			isa = PBXResourcesBuildPhase;
			buildActionMask = 2147483647;
			files = (
			);
			runOnlyForDeploymentPostprocessing = 0;
		};
		6195E77023636B75007F6635 /* Resources */ = {
			isa = PBXResourcesBuildPhase;
			buildActionMask = 2147483647;
			files = (
			);
			runOnlyForDeploymentPostprocessing = 0;
		};
/* End PBXResourcesBuildPhase section */

/* Begin PBXSourcesBuildPhase section */
		6195E74D23636B71007F6635 /* Sources */ = {
			isa = PBXSourcesBuildPhase;
			buildActionMask = 2147483647;
			files = (
				6195E75523636B71007F6635 /* AppDelegate.swift in Sources */,
				6195E75723636B71007F6635 /* SceneDelegate.swift in Sources */,
				6195E75923636B71007F6635 /* ContentView.swift in Sources */,
			);
			runOnlyForDeploymentPostprocessing = 0;
		};
		6195E76323636B75007F6635 /* Sources */ = {
			isa = PBXSourcesBuildPhase;
			buildActionMask = 2147483647;
			files = (
				6195E76C23636B75007F6635 /* Gradient_SwiftUITests.swift in Sources */,
			);
			runOnlyForDeploymentPostprocessing = 0;
		};
		6195E76E23636B75007F6635 /* Sources */ = {
			isa = PBXSourcesBuildPhase;
			buildActionMask = 2147483647;
			files = (
				6195E77723636B75007F6635 /* Gradient_SwiftUIUITests.swift in Sources */,
			);
			runOnlyForDeploymentPostprocessing = 0;
		};
/* End PBXSourcesBuildPhase section */

/* Begin PBXTargetDependency section */
		6195E76923636B75007F6635 /* PBXTargetDependency */ = {
			isa = PBXTargetDependency;
			target = 6195E75023636B71007F6635 /* Gradient-SwiftUI */;
			targetProxy = 6195E76823636B75007F6635 /* PBXContainerItemProxy */;
		};
		6195E77423636B75007F6635 /* PBXTargetDependency */ = {
			isa = PBXTargetDependency;
			target = 6195E75023636B71007F6635 /* Gradient-SwiftUI */;
			targetProxy = 6195E77323636B75007F6635 /* PBXContainerItemProxy */;
		};
/* End PBXTargetDependency section */

/* Begin PBXVariantGroup section */
		6195E75F23636B75007F6635 /* LaunchScreen.storyboard */ = {
			isa = PBXVariantGroup;
			children = (
				6195E76023636B75007F6635 /* Base */,
			);
			name = LaunchScreen.storyboard;
			sourceTree = "<group>";
		};
/* End PBXVariantGroup section */

/* Begin XCBuildConfiguration section */
		6195E77923636B75007F6635 /* Debug */ = {
			isa = XCBuildConfiguration;
			buildSettings = {
				ALWAYS_SEARCH_USER_PATHS = NO;
				CLANG_ANALYZER_NONNULL = YES;
				CLANG_ANALYZER_NUMBER_OBJECT_CONVERSION = YES_AGGRESSIVE;
				CLANG_CXX_LANGUAGE_STANDARD = "gnu++14";
				CLANG_CXX_LIBRARY = "libc++";
				CLANG_ENABLE_MODULES = YES;
				CLANG_ENABLE_OBJC_ARC = YES;
				CLANG_ENABLE_OBJC_WEAK = YES;
				CLANG_WARN_BLOCK_CAPTURE_AUTORELEASING = YES;
				CLANG_WARN_BOOL_CONVERSION = YES;
				CLANG_WARN_COMMA = YES;
				CLANG_WARN_CONSTANT_CONVERSION = YES;
				CLANG_WARN_DEPRECATED_OBJC_IMPLEMENTATIONS = YES;
				CLANG_WARN_DIRECT_OBJC_ISA_USAGE = YES_ERROR;
				CLANG_WARN_DOCUMENTATION_COMMENTS = YES;
				CLANG_WARN_EMPTY_BODY = YES;
				CLANG_WARN_ENUM_CONVERSION = YES;
				CLANG_WARN_INFINITE_RECURSION = YES;
				CLANG_WARN_INT_CONVERSION = YES;
				CLANG_WARN_NON_LITERAL_NULL_CONVERSION = YES;
				CLANG_WARN_OBJC_IMPLICIT_RETAIN_SELF = YES;
				CLANG_WARN_OBJC_LITERAL_CONVERSION = YES;
				CLANG_WARN_OBJC_ROOT_CLASS = YES_ERROR;
				CLANG_WARN_RANGE_LOOP_ANALYSIS = YES;
				CLANG_WARN_STRICT_PROTOTYPES = YES;
				CLANG_WARN_SUSPICIOUS_MOVE = YES;
				CLANG_WARN_UNGUARDED_AVAILABILITY = YES_AGGRESSIVE;
				CLANG_WARN_UNREACHABLE_CODE = YES;
				CLANG_WARN__DUPLICATE_METHOD_MATCH = YES;
				COPY_PHASE_STRIP = NO;
				DEBUG_INFORMATION_FORMAT = dwarf;
				ENABLE_STRICT_OBJC_MSGSEND = YES;
				ENABLE_TESTABILITY = YES;
				GCC_C_LANGUAGE_STANDARD = gnu11;
				GCC_DYNAMIC_NO_PIC = NO;
				GCC_NO_COMMON_BLOCKS = YES;
				GCC_OPTIMIZATION_LEVEL = 0;
				GCC_PREPROCESSOR_DEFINITIONS = (
					"DEBUG=1",
					"$(inherited)",
				);
				GCC_WARN_64_TO_32_BIT_CONVERSION = YES;
				GCC_WARN_ABOUT_RETURN_TYPE = YES_ERROR;
				GCC_WARN_UNDECLARED_SELECTOR = YES;
				GCC_WARN_UNINITIALIZED_AUTOS = YES_AGGRESSIVE;
				GCC_WARN_UNUSED_FUNCTION = YES;
				GCC_WARN_UNUSED_VARIABLE = YES;
				IPHONEOS_DEPLOYMENT_TARGET = 13.1;
				MTL_ENABLE_DEBUG_INFO = INCLUDE_SOURCE;
				MTL_FAST_MATH = YES;
				ONLY_ACTIVE_ARCH = YES;
				SDKROOT = iphoneos;
				SWIFT_ACTIVE_COMPILATION_CONDITIONS = DEBUG;
				SWIFT_OPTIMIZATION_LEVEL = "-Onone";
			};
			name = Debug;
		};
		6195E77A23636B75007F6635 /* Release */ = {
			isa = XCBuildConfiguration;
			buildSettings = {
				ALWAYS_SEARCH_USER_PATHS = NO;
				CLANG_ANALYZER_NONNULL = YES;
				CLANG_ANALYZER_NUMBER_OBJECT_CONVERSION = YES_AGGRESSIVE;
				CLANG_CXX_LANGUAGE_STANDARD = "gnu++14";
				CLANG_CXX_LIBRARY = "libc++";
				CLANG_ENABLE_MODULES = YES;
				CLANG_ENABLE_OBJC_ARC = YES;
				CLANG_ENABLE_OBJC_WEAK = YES;
				CLANG_WARN_BLOCK_CAPTURE_AUTORELEASING = YES;
				CLANG_WARN_BOOL_CONVERSION = YES;
				CLANG_WARN_COMMA = YES;
				CLANG_WARN_CONSTANT_CONVERSION = YES;
				CLANG_WARN_DEPRECATED_OBJC_IMPLEMENTATIONS = YES;
				CLANG_WARN_DIRECT_OBJC_ISA_USAGE = YES_ERROR;
				CLANG_WARN_DOCUMENTATION_COMMENTS = YES;
				CLANG_WARN_EMPTY_BODY = YES;
				CLANG_WARN_ENUM_CONVERSION = YES;
				CLANG_WARN_INFINITE_RECURSION = YES;
				CLANG_WARN_INT_CONVERSION = YES;
				CLANG_WARN_NON_LITERAL_NULL_CONVERSION = YES;
				CLANG_WARN_OBJC_IMPLICIT_RETAIN_SELF = YES;
				CLANG_WARN_OBJC_LITERAL_CONVERSION = YES;
				CLANG_WARN_OBJC_ROOT_CLASS = YES_ERROR;
				CLANG_WARN_RANGE_LOOP_ANALYSIS = YES;
				CLANG_WARN_STRICT_PROTOTYPES = YES;
				CLANG_WARN_SUSPICIOUS_MOVE = YES;
				CLANG_WARN_UNGUARDED_AVAILABILITY = YES_AGGRESSIVE;
				CLANG_WARN_UNREACHABLE_CODE = YES;
				CLANG_WARN__DUPLICATE_METHOD_MATCH = YES;
				COPY_PHASE_STRIP = NO;
				DEBUG_INFORMATION_FORMAT = "dwarf-with-dsym";
				ENABLE_NS_ASSERTIONS = NO;
				ENABLE_STRICT_OBJC_MSGSEND = YES;
				GCC_C_LANGUAGE_STANDARD = gnu11;
				GCC_NO_COMMON_BLOCKS = YES;
				GCC_WARN_64_TO_32_BIT_CONVERSION = YES;
				GCC_WARN_ABOUT_RETURN_TYPE = YES_ERROR;
				GCC_WARN_UNDECLARED_SELECTOR = YES;
				GCC_WARN_UNINITIALIZED_AUTOS = YES_AGGRESSIVE;
				GCC_WARN_UNUSED_FUNCTION = YES;
				GCC_WARN_UNUSED_VARIABLE = YES;
				IPHONEOS_DEPLOYMENT_TARGET = 13.1;
				MTL_ENABLE_DEBUG_INFO = NO;
				MTL_FAST_MATH = YES;
				SDKROOT = iphoneos;
				SWIFT_COMPILATION_MODE = wholemodule;
				SWIFT_OPTIMIZATION_LEVEL = "-O";
				VALIDATE_PRODUCT = YES;
			};
			name = Release;
		};
		6195E77C23636B75007F6635 /* Debug */ = {
			isa = XCBuildConfiguration;
			buildSettings = {
				ASSETCATALOG_COMPILER_APPICON_NAME = AppIcon;
				CODE_SIGN_STYLE = Automatic;
				DEVELOPMENT_ASSET_PATHS = "\"Gradient-SwiftUI/Preview Content\"";
				ENABLE_PREVIEWS = YES;
				INFOPLIST_FILE = "Gradient-SwiftUI/Info.plist";
				LD_RUNPATH_SEARCH_PATHS = (
					"$(inherited)",
					"@executable_path/Frameworks",
				);
				PRODUCT_BUNDLE_IDENTIFIER = "mertala.Gradient-SwiftUI";
				PRODUCT_NAME = "$(TARGET_NAME)";
				SWIFT_VERSION = 5.0;
				TARGETED_DEVICE_FAMILY = "1,2";
			};
			name = Debug;
		};
		6195E77D23636B75007F6635 /* Release */ = {
			isa = XCBuildConfiguration;
			buildSettings = {
				ASSETCATALOG_COMPILER_APPICON_NAME = AppIcon;
				CODE_SIGN_STYLE = Automatic;
				DEVELOPMENT_ASSET_PATHS = "\"Gradient-SwiftUI/Preview Content\"";
				ENABLE_PREVIEWS = YES;
				INFOPLIST_FILE = "Gradient-SwiftUI/Info.plist";
				LD_RUNPATH_SEARCH_PATHS = (
					"$(inherited)",
					"@executable_path/Frameworks",
				);
				PRODUCT_BUNDLE_IDENTIFIER = "mertala.Gradient-SwiftUI";
				PRODUCT_NAME = "$(TARGET_NAME)";
				SWIFT_VERSION = 5.0;
				TARGETED_DEVICE_FAMILY = "1,2";
			};
			name = Release;
		};
		6195E77F23636B75007F6635 /* Debug */ = {
			isa = XCBuildConfiguration;
			buildSettings = {
				ALWAYS_EMBED_SWIFT_STANDARD_LIBRARIES = YES;
				BUNDLE_LOADER = "$(TEST_HOST)";
				CODE_SIGN_STYLE = Automatic;
				INFOPLIST_FILE = "Gradient-SwiftUITests/Info.plist";
				IPHONEOS_DEPLOYMENT_TARGET = 13.1;
				LD_RUNPATH_SEARCH_PATHS = (
					"$(inherited)",
					"@executable_path/Frameworks",
					"@loader_path/Frameworks",
				);
				PRODUCT_BUNDLE_IDENTIFIER = "mertala.Gradient-SwiftUITests";
				PRODUCT_NAME = "$(TARGET_NAME)";
				SWIFT_VERSION = 5.0;
				TARGETED_DEVICE_FAMILY = "1,2";
				TEST_HOST = "$(BUILT_PRODUCTS_DIR)/Gradient-SwiftUI.app/Gradient-SwiftUI";
			};
			name = Debug;
		};
		6195E78023636B75007F6635 /* Release */ = {
			isa = XCBuildConfiguration;
			buildSettings = {
				ALWAYS_EMBED_SWIFT_STANDARD_LIBRARIES = YES;
				BUNDLE_LOADER = "$(TEST_HOST)";
				CODE_SIGN_STYLE = Automatic;
				INFOPLIST_FILE = "Gradient-SwiftUITests/Info.plist";
				IPHONEOS_DEPLOYMENT_TARGET = 13.1;
				LD_RUNPATH_SEARCH_PATHS = (
					"$(inherited)",
					"@executable_path/Frameworks",
					"@loader_path/Frameworks",
				);
				PRODUCT_BUNDLE_IDENTIFIER = "mertala.Gradient-SwiftUITests";
				PRODUCT_NAME = "$(TARGET_NAME)";
				SWIFT_VERSION = 5.0;
				TARGETED_DEVICE_FAMILY = "1,2";
				TEST_HOST = "$(BUILT_PRODUCTS_DIR)/Gradient-SwiftUI.app/Gradient-SwiftUI";
			};
			name = Release;
		};
		6195E78223636B75007F6635 /* Debug */ = {
			isa = XCBuildConfiguration;
			buildSettings = {
				ALWAYS_EMBED_SWIFT_STANDARD_LIBRARIES = YES;
				CODE_SIGN_STYLE = Automatic;
				INFOPLIST_FILE = "Gradient-SwiftUIUITests/Info.plist";
				LD_RUNPATH_SEARCH_PATHS = (
					"$(inherited)",
					"@executable_path/Frameworks",
					"@loader_path/Frameworks",
				);
				PRODUCT_BUNDLE_IDENTIFIER = "mertala.Gradient-SwiftUIUITests";
				PRODUCT_NAME = "$(TARGET_NAME)";
				SWIFT_VERSION = 5.0;
				TARGETED_DEVICE_FAMILY = "1,2";
				TEST_TARGET_NAME = "Gradient-SwiftUI";
			};
			name = Debug;
		};
		6195E78323636B75007F6635 /* Release */ = {
			isa = XCBuildConfiguration;
			buildSettings = {
				ALWAYS_EMBED_SWIFT_STANDARD_LIBRARIES = YES;
				CODE_SIGN_STYLE = Automatic;
				INFOPLIST_FILE = "Gradient-SwiftUIUITests/Info.plist";
				LD_RUNPATH_SEARCH_PATHS = (
					"$(inherited)",
					"@executable_path/Frameworks",
					"@loader_path/Frameworks",
				);
				PRODUCT_BUNDLE_IDENTIFIER = "mertala.Gradient-SwiftUIUITests";
				PRODUCT_NAME = "$(TARGET_NAME)";
				SWIFT_VERSION = 5.0;
				TARGETED_DEVICE_FAMILY = "1,2";
				TEST_TARGET_NAME = "Gradient-SwiftUI";
			};
			name = Release;
		};
/* End XCBuildConfiguration section */

/* Begin XCConfigurationList section */
		6195E74C23636B71007F6635 /* Build configuration list for PBXProject "Gradient-SwiftUI" */ = {
			isa = XCConfigurationList;
			buildConfigurations = (
				6195E77923636B75007F6635 /* Debug */,
				6195E77A23636B75007F6635 /* Release */,
			);
			defaultConfigurationIsVisible = 0;
			defaultConfigurationName = Release;
		};
		6195E77B23636B75007F6635 /* Build configuration list for PBXNativeTarget "Gradient-SwiftUI" */ = {
			isa = XCConfigurationList;
			buildConfigurations = (
				6195E77C23636B75007F6635 /* Debug */,
				6195E77D23636B75007F6635 /* Release */,
			);
			defaultConfigurationIsVisible = 0;
			defaultConfigurationName = Release;
		};
		6195E77E23636B75007F6635 /* Build configuration list for PBXNativeTarget "Gradient-SwiftUITests" */ = {
			isa = XCConfigurationList;
			buildConfigurations = (
				6195E77F23636B75007F6635 /* Debug */,
				6195E78023636B75007F6635 /* Release */,
			);
			defaultConfigurationIsVisible = 0;
			defaultConfigurationName = Release;
		};
		6195E78123636B75007F6635 /* Build configuration list for PBXNativeTarget "Gradient-SwiftUIUITests" */ = {
			isa = XCConfigurationList;
			buildConfigurations = (
				6195E78223636B75007F6635 /* Debug */,
				6195E78323636B75007F6635 /* Release */,
			);
			defaultConfigurationIsVisible = 0;
			defaultConfigurationName = Release;
		};
/* End XCConfigurationList section */
	};
	rootObject = 6195E74923636B71007F6635 /* Project object */;
}
